<?xml version="1.0" encoding="UTF-8" standalone="yes" ?>
<CodeBlocks_project_file>
	<FileVersion major="1" minor="6" />
	<Project>
		<Option title="Monitoria" />
		<Option pch_mode="2" />
		<Option compiler="gcc" />
		<Build>
			<Target title="Debug">
				<Option output="bin/Debug/Monitoria" prefix_auto="1" extension_auto="1" />
				<Option object_output="obj/Debug/" />
				<Option type="1" />
				<Option compiler="gcc" />
				<Compiler>
					<Add option="-g" />
				</Compiler>
			</Target>
			<Target title="Release">
				<Option output="bin/Release/Monitoria" prefix_auto="1" extension_auto="1" />
				<Option object_output="obj/Release/" />
				<Option type="1" />
				<Option compiler="gcc" />
				<Compiler>
					<Add option="-O2" />
				</Compiler>
				<Linker>
					<Add option="-s" />
				</Linker>
			</Target>
		</Build>
		<Compiler>
			<Add option="-Wall" />
		</Compiler>
		<Unit filename="../.gitignore" />
		<Unit filename="../LICENSE" />
		<Unit filename="../forca/jogo_forca.c">
			<Option compilerVar="CC" />
		</Unit>
		<Unit filename="Monitoria.depend" />
		<Unit filename="Monitoria.layout" />
		<Unit filename="bin/Debug/Monitoria.exe" />
		<Unit filename="cpm.c">
			<Option compilerVar="CC" />
		</Unit>
		<Unit filename="main2.c">
			<Option compilerVar="CC" />
		</Unit>
		<Unit filename="obj/Debug/main.o" />
		<Unit filename="obj/Debug/vetores_e_matrizes.o" />
		<Unit filename="vetores_e_matrizes.c">
			<Option compilerVar="CC" />
		</Unit>
		<Extensions />
	</Project>
</CodeBlocks_project_file>
